{
    "_meta": {
        "hash": {
            "sha256": "134a5761fa63b7e67a45b9715e74fd8dd56227064d369d8a28ac34e531548f77"
        },
        "pipfile-spec": 6,
        "requires": {
            "python_version": "3.7"
        },
        "sources": [
            {
                "name": "pypi",
                "url": "https://pypi.org/simple",
                "verify_ssl": true
            }
        ]
    },
    "default": {},
    "develop": {
        "appdirs": {
            "hashes": [
                "sha256:9e5896d1372858f8dd3344faf4e5014d21849c756c8d5701f78f8a103b372d92",
                "sha256:d8b24664561d0d34ddfaec54636d502d7cea6e29c3eaf68f3df6180863e2166e"
            ],
            "version": "==1.4.3"
        },
        "attrs": {
            "hashes": [
                "sha256:08a96c641c3a74e44eb59afb61a24f2cb9f4d7188748e76ba4bb5edfa3cb7d1c",
                "sha256:f7b7ce16570fe9965acd6d30101a28f62fb4a7f9e926b3bbc9b61f8b04247e72"
            ],
            "version": "==19.3.0"
        },
        "black": {
            "hashes": [
                "sha256:1b30e59be925fafc1ee4565e5e08abef6b03fe455102883820fe5ee2e4734e0b",
                "sha256:c2edb73a08e9e0e6f65a0e6af18b059b8b1cdd5bef997d7a0b181df93dc81539"
            ],
            "index": "pypi",
            "version": "==19.10b0"
        },
        "click": {
            "hashes": [
                "sha256:2335065e6395b9e67ca716de5f7526736bfa6ceead690adf616d925bdc622b13",
                "sha256:5b94b49521f6456670fdb30cd82a4eca9412788a93fa6dd6df72c94d5a8ff2d7"
            ],
            "version": "==7.0"
        },
        "pathspec": {
            "hashes": [
                "sha256:8a51ec547b8eb7d4b8323b48a5e014068e663a68c3e9d7b23688456e64a9261e",
                "sha256:e285ccc8b0785beadd4c18e5708b12bb8fcf529a1e61215b3feff1d1e559ea5c"
            ],
            "version": "==0.6.0"
        },
        "regex": {
            "hashes": [
                "sha256:0472acc4b6319801c1bc681d838c88ba1446f9ae199e01f6e41091c701fb3d42",
                "sha256:16709434c4e2332ee8ba26ae339aceb8ab0b24b8398ebd0f52ebc943f45c4fc2",
                "sha256:223fb63ec8dcab20b3318e93dcec4aee89e98b062934090bf29ffc374d2000a2",
                "sha256:23c3ebf05d1cd3adb26723fd598e75724e0cdb7d6a35185ac0caf061cc6edb49",
                "sha256:2404a50fb48badaf214b700f08822b68d93d79200e0aefd9569d0332d21fbfcb",
                "sha256:2af3a7a16fed6eff85c25da106effa36f61cbbe801d00ade349b53ce7619eb15",
                "sha256:37e018d3746baf159aedfc9773c3cafacbd10d354ba15484f5cfc8ed9da5748b",
                "sha256:3c9c2988d02a9238a1975c70e87c6ce94e6f36dd8e372b66f468990cfe077434",
                "sha256:47298bc8b89d1c747f0f5974aa528fc0b6b17396f1694136a224d51461279d83",
                "sha256:4eeb0fe936797ae00a085f99802642bfc722b3b4ea557e9e7849cb621ea10c91",
                "sha256:6881be0218b47ed76db033f252bab3f912dfe7ed1fe7baa9daebf51de08546a0",
                "sha256:7ac08cee5055f548eed3889e9aaef15fd00172d037949496f1f0b34acb8a7c3e",
                "sha256:7c5e2efcf079c35ff266c3f3a6708834f88f9fd04a3c16b855e036b2b7b1b543",
                "sha256:8355eaa64724a0fdb010a1654b77cb3e375dc08b7f592cc4a1c05ac606aa481c",
                "sha256:999a885f7f5194464238ad5d74b05982acee54002f3aa775d8e0e8c5fb74c06c",
                "sha256:9fd2f4813eaa3e421e82819d38e5b634d900faff7ae5a80cd89ccff407175e69",
                "sha256:a2e1e53df7dd27943da2b512895125b33fb20f81862c9fed7b3bab2a1de684d1",
                "sha256:ab43bc0836820b7900dfffc025b996784aec26ec87dc1df4f95a40398760223f",
                "sha256:ba449b56fa419fb19bf2a2438adbd2433f27087a6fe115917eaf9cfca684d5b6",
                "sha256:d3f632cefad2cf247bd845794002585e3772288bfcb0dbac59fdecd32cd38b67",
                "sha256:d51311496061863caae2cfe120cf1ef37900019b86c89c2d75f0918e0b4b8bf3"
            ],
            "version": "==2019.12.19"
        },
        "rope": {
            "hashes": [
                "sha256:6b728fdc3e98a83446c27a91fc5d56808a004f8beab7a31ab1d7224cecc7d969",
                "sha256:c5c5a6a87f7b1a2095fb311135e2a3d1f194f5ecb96900fdd0a9100881f48aaf",
                "sha256:f0dcf719b63200d492b85535ebe5ea9b29e0d0b8aebeb87fe03fc1a65924fdaf"
            ],
            "index": "pypi",
            "version": "==0.14.0"
        },
        "toml": {
            "hashes": [
                "sha256:229f81c57791a41d65e399fc06bf0848bab550a9dfd5ed66df18ce5f05e73d5c",
                "sha256:235682dd292d5899d361a811df37e04a8828a5b1da3115886b73cf81ebc9100e"
            ],
            "version": "==0.10.0"
        },
        "typed-ast": {
            "hashes": [
                "sha256:1170afa46a3799e18b4c977777ce137bb53c7485379d9706af8a59f2ea1aa161",
                "sha256:18511a0b3e7922276346bcb47e2ef9f38fb90fd31cb9223eed42c85d1312344e",
                "sha256:262c247a82d005e43b5b7f69aff746370538e176131c32dda9cb0f324d27141e",
                "sha256:2b907eb046d049bcd9892e3076c7a6456c93a25bebfe554e931620c90e6a25b0",
                "sha256:354c16e5babd09f5cb0ee000d54cfa38401d8b8891eefa878ac772f827181a3c",
                "sha256:48e5b1e71f25cfdef98b013263a88d7145879fbb2d5185f2a0c79fa7ebbeae47",
                "sha256:4e0b70c6fc4d010f8107726af5fd37921b666f5b31d9331f0bd24ad9a088e631",
                "sha256:630968c5cdee51a11c05a30453f8cd65e0cc1d2ad0d9192819df9978984529f4",
                "sha256:66480f95b8167c9c5c5c87f32cf437d585937970f3fc24386f313a4c97b44e34",
                "sha256:71211d26ffd12d63a83e079ff258ac9d56a1376a25bc80b1cdcdf601b855b90b",
                "sha256:7954560051331d003b4e2b3eb822d9dd2e376fa4f6d98fee32f452f52dd6ebb2",
                "sha256:838997f4310012cf2e1ad3803bce2f3402e9ffb71ded61b5ee22617b3a7f6b6e",
                "sha256:95bd11af7eafc16e829af2d3df510cecfd4387f6453355188342c3e79a2ec87a",
                "sha256:bc6c7d3fa1325a0c6613512a093bc2a2a15aeec350451cbdf9e1d4bffe3e3233",
                "sha256:cc34a6f5b426748a507dd5d1de4c1978f2eb5626d51326e43280941206c209e1",
                "sha256:d755f03c1e4a51e9b24d899561fec4ccaf51f210d52abdf8c07ee2849b212a36",
                "sha256:d7c45933b1bdfaf9f36c579671fec15d25b06c8398f113dab64c18ed1adda01d",
                "sha256:d896919306dd0aa22d0132f62a1b78d11aaf4c9fc5b3410d3c666b818191630a",
                "sha256:fdc1c9bbf79510b76408840e009ed65958feba92a88833cdceecff93ae8fff66",
                "sha256:ffde2fbfad571af120fcbfbbc61c72469e72f550d676c3342492a9dfdefb8f12"
            ],
            "version": "==1.4.0"
        }
    }
}
